
Microsoft Visual Studio Solution File, Format Version 11.00
# Visual Studio 2010
# SharpDevelop 5.1
Project("{FAE04EC0-301F-11D3-BF4B-00C04F79EFBC}") = "TP4", "TP4\TP4.csproj", "{5C41BB26-B6E6-48F1-8431-EDCD41AFAD77}"
EndProject
Global
	GlobalSection(SolutionConfigurationPlatforms) = preSolution
		Debug|Any CPU = Debug|Any CPU
		Release|Any CPU = Release|Any CPU
	EndGlobalSection
	GlobalSection(ProjectConfigurationPlatforms) = postSolution
		{5C41BB26-B6E6-48F1-8431-EDCD41AFAD77}.Debug|Any CPU.ActiveCfg = Debug|Any CPU
		{5C41BB26-B6E6-48F1-8431-EDCD41AFAD77}.Debug|Any CPU.Build.0 = Debug|Any CPU
		{5C41BB26-B6E6-48F1-8431-EDCD41AFAD77}.Release|Any CPU.ActiveCfg = Release|Any CPU
		{5C41BB26-B6E6-48F1-8431-EDCD41AFAD77}.Release|Any CPU.Build.0 = Release|Any CPU
	EndGlobalSection
EndGlobal
